// !$*UTF8*$!
{
	archiveVersion = 1;
	classes = {
	};
	objectVersion = 56;
	objects = {

/* Begin PBXBuildFile section */
		C697083A2AEDE5CE0089012A /* ThreadsTutorialsApp.swift in Sources */ = {isa = PBXBuildFile; fileRef = C69708392AEDE5CE0089012A /* ThreadsTutorialsApp.swift */; };
		C697083C2AEDE5CE0089012A /* ContentView.swift in Sources */ = {isa = PBXBuildFile; fileRef = C697083B2AEDE5CE0089012A /* ContentView.swift */; };
		C697083E2AEDE5CF0089012A /* Assets.xcassets in Resources */ = {isa = PBXBuildFile; fileRef = C697083D2AEDE5CF0089012A /* Assets.xcassets */; };
		C69708412AEDE5CF0089012A /* Preview Assets.xcassets in Resources */ = {isa = PBXBuildFile; fileRef = C69708402AEDE5CF0089012A /* Preview Assets.xcassets */; };
		C697084B2AEDE5CF0089012A /* ThreadsTutorialsTests.swift in Sources */ = {isa = PBXBuildFile; fileRef = C697084A2AEDE5CF0089012A /* ThreadsTutorialsTests.swift */; };
		C69708552AEDE5CF0089012A /* ThreadsTutorialsUITests.swift in Sources */ = {isa = PBXBuildFile; fileRef = C69708542AEDE5CF0089012A /* ThreadsTutorialsUITests.swift */; };
		C69708572AEDE5CF0089012A /* ThreadsTutorialsUITestsLaunchTests.swift in Sources */ = {isa = PBXBuildFile; fileRef = C69708562AEDE5CF0089012A /* ThreadsTutorialsUITestsLaunchTests.swift */; };
		C697086D2AEDF29E0089012A /* LoginView.swift in Sources */ = {isa = PBXBuildFile; fileRef = C697086C2AEDF29E0089012A /* LoginView.swift */; };
		C697086F2AEE23B40089012A /* RegistrationView.swift in Sources */ = {isa = PBXBuildFile; fileRef = C697086E2AEE23B40089012A /* RegistrationView.swift */; };
		C69708732AEE255F0089012A /* ThreadsTextFieldModifier.swift in Sources */ = {isa = PBXBuildFile; fileRef = C69708722AEE255F0089012A /* ThreadsTextFieldModifier.swift */; };
		C69708762AEE287B0089012A /* ThreadsTabView.swift in Sources */ = {isa = PBXBuildFile; fileRef = C69708752AEE287B0089012A /* ThreadsTabView.swift */; };
		C697087A2AEE31540089012A /* FeedView.swift in Sources */ = {isa = PBXBuildFile; fileRef = C69708792AEE31540089012A /* FeedView.swift */; };
		C69708802AEE31CF0089012A /* ExploreView.swift in Sources */ = {isa = PBXBuildFile; fileRef = C697087F2AEE31CF0089012A /* ExploreView.swift */; };
		C69708822AEE31E60089012A /* CreateThreadView.swift in Sources */ = {isa = PBXBuildFile; fileRef = C69708812AEE31E60089012A /* CreateThreadView.swift */; };
		C69708882AEE32560089012A /* ProfileView.swift in Sources */ = {isa = PBXBuildFile; fileRef = C69708872AEE32560089012A /* ProfileView.swift */; };
		C697088A2AEE32630089012A /* ActivityView.swift in Sources */ = {isa = PBXBuildFile; fileRef = C69708892AEE32630089012A /* ActivityView.swift */; };
		C697088C2AEE383A0089012A /* ThreadCell.swift in Sources */ = {isa = PBXBuildFile; fileRef = C697088B2AEE383A0089012A /* ThreadCell.swift */; };
		C697088F2AEE42A00089012A /* CircularProfileImageView.swift in Sources */ = {isa = PBXBuildFile; fileRef = C697088E2AEE42A00089012A /* CircularProfileImageView.swift */; };
		C69708912AEE43200089012A /* UserCell.swift in Sources */ = {isa = PBXBuildFile; fileRef = C69708902AEE43200089012A /* UserCell.swift */; };
/* End PBXBuildFile section */

/* Begin PBXContainerItemProxy section */
		C69708472AEDE5CF0089012A /* PBXContainerItemProxy */ = {
			isa = PBXContainerItemProxy;
			containerPortal = C697082E2AEDE5CE0089012A /* Project object */;
			proxyType = 1;
			remoteGlobalIDString = C69708352AEDE5CE0089012A;
			remoteInfo = ThreadsTutorials;
		};
		C69708512AEDE5CF0089012A /* PBXContainerItemProxy */ = {
			isa = PBXContainerItemProxy;
			containerPortal = C697082E2AEDE5CE0089012A /* Project object */;
			proxyType = 1;
			remoteGlobalIDString = C69708352AEDE5CE0089012A;
			remoteInfo = ThreadsTutorials;
		};
/* End PBXContainerItemProxy section */

/* Begin PBXFileReference section */
		C69708362AEDE5CE0089012A /* ThreadsTutorials.app */ = {isa = PBXFileReference; explicitFileType = wrapper.application; includeInIndex = 0; path = ThreadsTutorials.app; sourceTree = BUILT_PRODUCTS_DIR; };
		C69708392AEDE5CE0089012A /* ThreadsTutorialsApp.swift */ = {isa = PBXFileReference; lastKnownFileType = sourcecode.swift; path = ThreadsTutorialsApp.swift; sourceTree = "<group>"; };
		C697083B2AEDE5CE0089012A /* ContentView.swift */ = {isa = PBXFileReference; lastKnownFileType = sourcecode.swift; path = ContentView.swift; sourceTree = "<group>"; };
		C697083D2AEDE5CF0089012A /* Assets.xcassets */ = {isa = PBXFileReference; lastKnownFileType = folder.assetcatalog; path = Assets.xcassets; sourceTree = "<group>"; };
		C69708402AEDE5CF0089012A /* Preview Assets.xcassets */ = {isa = PBXFileReference; lastKnownFileType = folder.assetcatalog; path = "Preview Assets.xcassets"; sourceTree = "<group>"; };
		C69708462AEDE5CF0089012A /* ThreadsTutorialsTests.xctest */ = {isa = PBXFileReference; explicitFileType = wrapper.cfbundle; includeInIndex = 0; path = ThreadsTutorialsTests.xctest; sourceTree = BUILT_PRODUCTS_DIR; };
		C697084A2AEDE5CF0089012A /* ThreadsTutorialsTests.swift */ = {isa = PBXFileReference; lastKnownFileType = sourcecode.swift; path = ThreadsTutorialsTests.swift; sourceTree = "<group>"; };
		C69708502AEDE5CF0089012A /* ThreadsTutorialsUITests.xctest */ = {isa = PBXFileReference; explicitFileType = wrapper.cfbundle; includeInIndex = 0; path = ThreadsTutorialsUITests.xctest; sourceTree = BUILT_PRODUCTS_DIR; };
		C69708542AEDE5CF0089012A /* ThreadsTutorialsUITests.swift */ = {isa = PBXFileReference; lastKnownFileType = sourcecode.swift; path = ThreadsTutorialsUITests.swift; sourceTree = "<group>"; };
		C69708562AEDE5CF0089012A /* ThreadsTutorialsUITestsLaunchTests.swift */ = {isa = PBXFileReference; lastKnownFileType = sourcecode.swift; path = ThreadsTutorialsUITestsLaunchTests.swift; sourceTree = "<group>"; };
		C697086C2AEDF29E0089012A /* LoginView.swift */ = {isa = PBXFileReference; lastKnownFileType = sourcecode.swift; path = LoginView.swift; sourceTree = "<group>"; };
		C697086E2AEE23B40089012A /* RegistrationView.swift */ = {isa = PBXFileReference; lastKnownFileType = sourcecode.swift; path = RegistrationView.swift; sourceTree = "<group>"; };
		C69708722AEE255F0089012A /* ThreadsTextFieldModifier.swift */ = {isa = PBXFileReference; lastKnownFileType = sourcecode.swift; path = ThreadsTextFieldModifier.swift; sourceTree = "<group>"; };
		C69708752AEE287B0089012A /* ThreadsTabView.swift */ = {isa = PBXFileReference; lastKnownFileType = sourcecode.swift; path = ThreadsTabView.swift; sourceTree = "<group>"; };
		C69708792AEE31540089012A /* FeedView.swift */ = {isa = PBXFileReference; lastKnownFileType = sourcecode.swift; path = FeedView.swift; sourceTree = "<group>"; };
		C697087F2AEE31CF0089012A /* ExploreView.swift */ = {isa = PBXFileReference; lastKnownFileType = sourcecode.swift; path = ExploreView.swift; sourceTree = "<group>"; };
		C69708812AEE31E60089012A /* CreateThreadView.swift */ = {isa = PBXFileReference; lastKnownFileType = sourcecode.swift; path = CreateThreadView.swift; sourceTree = "<group>"; };
		C69708872AEE32560089012A /* ProfileView.swift */ = {isa = PBXFileReference; lastKnownFileType = sourcecode.swift; path = ProfileView.swift; sourceTree = "<group>"; };
		C69708892AEE32630089012A /* ActivityView.swift */ = {isa = PBXFileReference; lastKnownFileType = sourcecode.swift; path = ActivityView.swift; sourceTree = "<group>"; };
		C697088B2AEE383A0089012A /* ThreadCell.swift */ = {isa = PBXFileReference; lastKnownFileType = sourcecode.swift; path = ThreadCell.swift; sourceTree = "<group>"; };
		C697088E2AEE42A00089012A /* CircularProfileImageView.swift */ = {isa = PBXFileReference; lastKnownFileType = sourcecode.swift; path = CircularProfileImageView.swift; sourceTree = "<group>"; };
		C69708902AEE43200089012A /* UserCell.swift */ = {isa = PBXFileReference; lastKnownFileType = sourcecode.swift; path = UserCell.swift; sourceTree = "<group>"; };
/* End PBXFileReference section */

/* Begin PBXFrameworksBuildPhase section */
		C69708332AEDE5CE0089012A /* Frameworks */ = {
			isa = PBXFrameworksBuildPhase;
			buildActionMask = 2147483647;
			files = (
			);
			runOnlyForDeploymentPostprocessing = 0;
		};
		C69708432AEDE5CF0089012A /* Frameworks */ = {
			isa = PBXFrameworksBuildPhase;
			buildActionMask = 2147483647;
			files = (
			);
			runOnlyForDeploymentPostprocessing = 0;
		};
		C697084D2AEDE5CF0089012A /* Frameworks */ = {
			isa = PBXFrameworksBuildPhase;
			buildActionMask = 2147483647;
			files = (
			);
			runOnlyForDeploymentPostprocessing = 0;
		};
/* End PBXFrameworksBuildPhase section */

/* Begin PBXGroup section */
		C697082D2AEDE5CE0089012A = {
			isa = PBXGroup;
			children = (
				C69708382AEDE5CE0089012A /* ThreadsTutorials */,
				C69708492AEDE5CF0089012A /* ThreadsTutorialsTests */,
				C69708532AEDE5CF0089012A /* ThreadsTutorialsUITests */,
				C69708372AEDE5CE0089012A /* Products */,
			);
			sourceTree = "<group>";
		};
		C69708372AEDE5CE0089012A /* Products */ = {
			isa = PBXGroup;
			children = (
				C69708362AEDE5CE0089012A /* ThreadsTutorials.app */,
				C69708462AEDE5CF0089012A /* ThreadsTutorialsTests.xctest */,
				C69708502AEDE5CF0089012A /* ThreadsTutorialsUITests.xctest */,
			);
			name = Products;
			sourceTree = "<group>";
		};
		C69708382AEDE5CE0089012A /* ThreadsTutorials */ = {
			isa = PBXGroup;
			children = (
				C69708682AEDF0550089012A /* App */,
				C69708672AEDF0530089012A /* Core */,
				C69708662AEDF0500089012A /* Extensions */,
				C69708652AEDF04D0089012A /* Model */,
				C69708642AEDF04B0089012A /* Services */,
				C69708632AEDF0490089012A /* Utils */,
				C697083D2AEDE5CF0089012A /* Assets.xcassets */,
				C697083F2AEDE5CF0089012A /* Preview Content */,
			);
			path = ThreadsTutorials;
			sourceTree = "<group>";
		};
		C697083F2AEDE5CF0089012A /* Preview Content */ = {
			isa = PBXGroup;
			children = (
				C69708402AEDE5CF0089012A /* Preview Assets.xcassets */,
			);
			path = "Preview Content";
			sourceTree = "<group>";
		};
		C69708492AEDE5CF0089012A /* ThreadsTutorialsTests */ = {
			isa = PBXGroup;
			children = (
				C697084A2AEDE5CF0089012A /* ThreadsTutorialsTests.swift */,
			);
			path = ThreadsTutorialsTests;
			sourceTree = "<group>";
		};
		C69708532AEDE5CF0089012A /* ThreadsTutorialsUITests */ = {
			isa = PBXGroup;
			children = (
				C69708542AEDE5CF0089012A /* ThreadsTutorialsUITests.swift */,
				C69708562AEDE5CF0089012A /* ThreadsTutorialsUITestsLaunchTests.swift */,
			);
			path = ThreadsTutorialsUITests;
			sourceTree = "<group>";
		};
		C69708632AEDF0490089012A /* Utils */ = {
			isa = PBXGroup;
			children = (
				C69708712AEE253B0089012A /* ViewModifiers */,
			);
			path = Utils;
			sourceTree = "<group>";
		};
		C69708642AEDF04B0089012A /* Services */ = {
			isa = PBXGroup;
			children = (
			);
			path = Services;
			sourceTree = "<group>";
		};
		C69708652AEDF04D0089012A /* Model */ = {
			isa = PBXGroup;
			children = (
			);
			path = Model;
			sourceTree = "<group>";
		};
		C69708662AEDF0500089012A /* Extensions */ = {
			isa = PBXGroup;
			children = (
			);
			path = Extensions;
			sourceTree = "<group>";
		};
		C69708672AEDF0530089012A /* Core */ = {
			isa = PBXGroup;
			children = (
				C69708832AEE323E0089012A /* Activity */,
				C697086A2AEDF1EA0089012A /* Authentication */,
				C697088D2AEE42880089012A /* Components */,
				C697087B2AEE31AA0089012A /* Explore */,
				C69708772AEE31490089012A /* Feed */,
				C69708842AEE32480089012A /* Profile */,
				C69708692AEDF1E40089012A /* Root */,
				C69708742AEE28560089012A /* TabBar */,
				C697087C2AEE31B10089012A /* ThreadCreation */,
			);
			name = Core;
			sourceTree = "<group>";
		};
		C69708682AEDF0550089012A /* App */ = {
			isa = PBXGroup;
			children = (
				C69708392AEDE5CE0089012A /* ThreadsTutorialsApp.swift */,
			);
			path = App;
			sourceTree = "<group>";
		};
		C69708692AEDF1E40089012A /* Root */ = {
			isa = PBXGroup;
			children = (
				C697083B2AEDE5CE0089012A /* ContentView.swift */,
			);
			name = Root;
			sourceTree = "<group>";
		};
		C697086A2AEDF1EA0089012A /* Authentication */ = {
			isa = PBXGroup;
			children = (
				C697086B2AEDF2780089012A /* Views */,
			);
			name = Authentication;
			sourceTree = "<group>";
		};
		C697086B2AEDF2780089012A /* Views */ = {
			isa = PBXGroup;
			children = (
				C697086C2AEDF29E0089012A /* LoginView.swift */,
				C697086E2AEE23B40089012A /* RegistrationView.swift */,
			);
			name = Views;
			sourceTree = "<group>";
		};
		C69708712AEE253B0089012A /* ViewModifiers */ = {
			isa = PBXGroup;
			children = (
				C69708722AEE255F0089012A /* ThreadsTextFieldModifier.swift */,
			);
			path = ViewModifiers;
			sourceTree = "<group>";
		};
		C69708742AEE28560089012A /* TabBar */ = {
			isa = PBXGroup;
			children = (
				C69708752AEE287B0089012A /* ThreadsTabView.swift */,
			);
			name = TabBar;
			sourceTree = "<group>";
		};
		C69708772AEE31490089012A /* Feed */ = {
			isa = PBXGroup;
			children = (
				C69708782AEE314E0089012A /* View */,
			);
			name = Feed;
			sourceTree = "<group>";
		};
		C69708782AEE314E0089012A /* View */ = {
			isa = PBXGroup;
			children = (
				C69708792AEE31540089012A /* FeedView.swift */,
				C697088B2AEE383A0089012A /* ThreadCell.swift */,
			);
			name = View;
			sourceTree = "<group>";
		};
		C697087B2AEE31AA0089012A /* Explore */ = {
			isa = PBXGroup;
			children = (
				C697087E2AEE31C70089012A /* View */,
			);
			name = Explore;
			sourceTree = "<group>";
		};
		C697087C2AEE31B10089012A /* ThreadCreation */ = {
			isa = PBXGroup;
			children = (
				C697087D2AEE31C40089012A /* View */,
			);
			name = ThreadCreation;
			sourceTree = "<group>";
		};
		C697087D2AEE31C40089012A /* View */ = {
			isa = PBXGroup;
			children = (
				C69708812AEE31E60089012A /* CreateThreadView.swift */,
			);
			name = View;
			sourceTree = "<group>";
		};
		C697087E2AEE31C70089012A /* View */ = {
			isa = PBXGroup;
			children = (
				C697087F2AEE31CF0089012A /* ExploreView.swift */,
			);
			name = View;
			sourceTree = "<group>";
		};
		C69708832AEE323E0089012A /* Activity */ = {
			isa = PBXGroup;
			children = (
				C69708862AEE324F0089012A /* View */,
			);
			name = Activity;
			sourceTree = "<group>";
		};
		C69708842AEE32480089012A /* Profile */ = {
			isa = PBXGroup;
			children = (
				C69708852AEE324D0089012A /* View */,
			);
			name = Profile;
			sourceTree = "<group>";
		};
		C69708852AEE324D0089012A /* View */ = {
			isa = PBXGroup;
			children = (
				C69708872AEE32560089012A /* ProfileView.swift */,
			);
			name = View;
			sourceTree = "<group>";
		};
		C69708862AEE324F0089012A /* View */ = {
			isa = PBXGroup;
			children = (
				C69708892AEE32630089012A /* ActivityView.swift */,
			);
			name = View;
			sourceTree = "<group>";
		};
		C697088D2AEE42880089012A /* Components */ = {
			isa = PBXGroup;
			children = (
				C697088E2AEE42A00089012A /* CircularProfileImageView.swift */,
				C69708902AEE43200089012A /* UserCell.swift */,
			);
			name = Components;
			sourceTree = "<group>";
		};
/* End PBXGroup section */

/* Begin PBXNativeTarget section */
		C69708352AEDE5CE0089012A /* ThreadsTutorials */ = {
			isa = PBXNativeTarget;
			buildConfigurationList = C697085A2AEDE5CF0089012A /* Build configuration list for PBXNativeTarget "ThreadsTutorials" */;
			buildPhases = (
				C69708322AEDE5CE0089012A /* Sources */,
				C69708332AEDE5CE0089012A /* Frameworks */,
				C69708342AEDE5CE0089012A /* Resources */,
			);
			buildRules = (
			);
			dependencies = (
			);
			name = ThreadsTutorials;
			productName = ThreadsTutorials;
			productReference = C69708362AEDE5CE0089012A /* ThreadsTutorials.app */;
			productType = "com.apple.product-type.application";
		};
		C69708452AEDE5CF0089012A /* ThreadsTutorialsTests */ = {
			isa = PBXNativeTarget;
			buildConfigurationList = C697085D2AEDE5CF0089012A /* Build configuration list for PBXNativeTarget "ThreadsTutorialsTests" */;
			buildPhases = (
				C69708422AEDE5CF0089012A /* Sources */,
				C69708432AEDE5CF0089012A /* Frameworks */,
				C69708442AEDE5CF0089012A /* Resources */,
			);
			buildRules = (
			);
			dependencies = (
				C69708482AEDE5CF0089012A /* PBXTargetDependency */,
			);
			name = ThreadsTutorialsTests;
			productName = ThreadsTutorialsTests;
			productReference = C69708462AEDE5CF0089012A /* ThreadsTutorialsTests.xctest */;
			productType = "com.apple.product-type.bundle.unit-test";
		};
		C697084F2AEDE5CF0089012A /* ThreadsTutorialsUITests */ = {
			isa = PBXNativeTarget;
			buildConfigurationList = C69708602AEDE5CF0089012A /* Build configuration list for PBXNativeTarget "ThreadsTutorialsUITests" */;
			buildPhases = (
				C697084C2AEDE5CF0089012A /* Sources */,
				C697084D2AEDE5CF0089012A /* Frameworks */,
				C697084E2AEDE5CF0089012A /* Resources */,
			);
			buildRules = (
			);
			dependencies = (
				C69708522AEDE5CF0089012A /* PBXTargetDependency */,
			);
			name = ThreadsTutorialsUITests;
			productName = ThreadsTutorialsUITests;
			productReference = C69708502AEDE5CF0089012A /* ThreadsTutorialsUITests.xctest */;
			productType = "com.apple.product-type.bundle.ui-testing";
		};
/* End PBXNativeTarget section */

/* Begin PBXProject section */
		C697082E2AEDE5CE0089012A /* Project object */ = {
			isa = PBXProject;
			attributes = {
				BuildIndependentTargetsInParallel = 1;
				LastSwiftUpdateCheck = 1500;
				LastUpgradeCheck = 1500;
				TargetAttributes = {
					C69708352AEDE5CE0089012A = {
						CreatedOnToolsVersion = 15.0.1;
					};
					C69708452AEDE5CF0089012A = {
						CreatedOnToolsVersion = 15.0.1;
						TestTargetID = C69708352AEDE5CE0089012A;
					};
					C697084F2AEDE5CF0089012A = {
						CreatedOnToolsVersion = 15.0.1;
						TestTargetID = C69708352AEDE5CE0089012A;
					};
				};
			};
			buildConfigurationList = C69708312AEDE5CE0089012A /* Build configuration list for PBXProject "ThreadsTutorials" */;
			compatibilityVersion = "Xcode 14.0";
			developmentRegion = en;
			hasScannedForEncodings = 0;
			knownRegions = (
				en,
				Base,
			);
			mainGroup = C697082D2AEDE5CE0089012A;
			productRefGroup = C69708372AEDE5CE0089012A /* Products */;
			projectDirPath = "";
			projectRoot = "";
			targets = (
				C69708352AEDE5CE0089012A /* ThreadsTutorials */,
				C69708452AEDE5CF0089012A /* ThreadsTutorialsTests */,
				C697084F2AEDE5CF0089012A /* ThreadsTutorialsUITests */,
			);
		};
/* End PBXProject section */

/* Begin PBXResourcesBuildPhase section */
		C69708342AEDE5CE0089012A /* Resources */ = {
			isa = PBXResourcesBuildPhase;
			buildActionMask = 2147483647;
			files = (
				C69708412AEDE5CF0089012A /* Preview Assets.xcassets in Resources */,
				C697083E2AEDE5CF0089012A /* Assets.xcassets in Resources */,
			);
			runOnlyForDeploymentPostprocessing = 0;
		};
		C69708442AEDE5CF0089012A /* Resources */ = {
			isa = PBXResourcesBuildPhase;
			buildActionMask = 2147483647;
			files = (
			);
			runOnlyForDeploymentPostprocessing = 0;
		};
		C697084E2AEDE5CF0089012A /* Resources */ = {
			isa = PBXResourcesBuildPhase;
			buildActionMask = 2147483647;
			files = (
			);
			runOnlyForDeploymentPostprocessing = 0;
		};
/* End PBXResourcesBuildPhase section */

/* Begin PBXSourcesBuildPhase section */
		C69708322AEDE5CE0089012A /* Sources */ = {
			isa = PBXSourcesBuildPhase;
			buildActionMask = 2147483647;
			files = (
				C697088A2AEE32630089012A /* ActivityView.swift in Sources */,
				C697087A2AEE31540089012A /* FeedView.swift in Sources */,
				C697086D2AEDF29E0089012A /* LoginView.swift in Sources */,
				C697088C2AEE383A0089012A /* ThreadCell.swift in Sources */,
				C69708882AEE32560089012A /* ProfileView.swift in Sources */,
				C697088F2AEE42A00089012A /* CircularProfileImageView.swift in Sources */,
				C69708912AEE43200089012A /* UserCell.swift in Sources */,
				C697083C2AEDE5CE0089012A /* ContentView.swift in Sources */,
				C69708822AEE31E60089012A /* CreateThreadView.swift in Sources */,
				C69708762AEE287B0089012A /* ThreadsTabView.swift in Sources */,
				C69708732AEE255F0089012A /* ThreadsTextFieldModifier.swift in Sources */,
				C697083A2AEDE5CE0089012A /* ThreadsTutorialsApp.swift in Sources */,
				C69708802AEE31CF0089012A /* ExploreView.swift in Sources */,
				C697086F2AEE23B40089012A /* RegistrationView.swift in Sources */,
			);
			runOnlyForDeploymentPostprocessing = 0;
		};
		C69708422AEDE5CF0089012A /* Sources */ = {
			isa = PBXSourcesBuildPhase;
			buildActionMask = 2147483647;
			files = (
				C697084B2AEDE5CF0089012A /* ThreadsTutorialsTests.swift in Sources */,
			);
			runOnlyForDeploymentPostprocessing = 0;
		};
		C697084C2AEDE5CF0089012A /* Sources */ = {
			isa = PBXSourcesBuildPhase;
			buildActionMask = 2147483647;
			files = (
				C69708572AEDE5CF0089012A /* ThreadsTutorialsUITestsLaunchTests.swift in Sources */,
				C69708552AEDE5CF0089012A /* ThreadsTutorialsUITests.swift in Sources */,
			);
			runOnlyForDeploymentPostprocessing = 0;
		};
/* End PBXSourcesBuildPhase section */

/* Begin PBXTargetDependency section */
		C69708482AEDE5CF0089012A /* PBXTargetDependency */ = {
			isa = PBXTargetDependency;
			target = C69708352AEDE5CE0089012A /* ThreadsTutorials */;
			targetProxy = C69708472AEDE5CF0089012A /* PBXContainerItemProxy */;
		};
		C69708522AEDE5CF0089012A /* PBXTargetDependency */ = {
			isa = PBXTargetDependency;
			target = C69708352AEDE5CE0089012A /* ThreadsTutorials */;
			targetProxy = C69708512AEDE5CF0089012A /* PBXContainerItemProxy */;
		};
/* End PBXTargetDependency section */

/* Begin XCBuildConfiguration section */
		C69708582AEDE5CF0089012A /* Debug */ = {
			isa = XCBuildConfiguration;
			buildSettings = {
				ALWAYS_SEARCH_USER_PATHS = NO;
				ASSETCATALOG_COMPILER_GENERATE_SWIFT_ASSET_SYMBOL_EXTENSIONS = YES;
				CLANG_ANALYZER_NONNULL = YES;
				CLANG_ANALYZER_NUMBER_OBJECT_CONVERSION = YES_AGGRESSIVE;
				CLANG_CXX_LANGUAGE_STANDARD = "gnu++20";
				CLANG_ENABLE_MODULES = YES;
				CLANG_ENABLE_OBJC_ARC = YES;
				CLANG_ENABLE_OBJC_WEAK = YES;
				CLANG_WARN_BLOCK_CAPTURE_AUTORELEASING = YES;
				CLANG_WARN_BOOL_CONVERSION = YES;
				CLANG_WARN_COMMA = YES;
				CLANG_WARN_CONSTANT_CONVERSION = YES;
				CLANG_WARN_DEPRECATED_OBJC_IMPLEMENTATIONS = YES;
				CLANG_WARN_DIRECT_OBJC_ISA_USAGE = YES_ERROR;
				CLANG_WARN_DOCUMENTATION_COMMENTS = YES;
				CLANG_WARN_EMPTY_BODY = YES;
				CLANG_WARN_ENUM_CONVERSION = YES;
				CLANG_WARN_INFINITE_RECURSION = YES;
				CLANG_WARN_INT_CONVERSION = YES;
				CLANG_WARN_NON_LITERAL_NULL_CONVERSION = YES;
				CLANG_WARN_OBJC_IMPLICIT_RETAIN_SELF = YES;
				CLANG_WARN_OBJC_LITERAL_CONVERSION = YES;
				CLANG_WARN_OBJC_ROOT_CLASS = YES_ERROR;
				CLANG_WARN_QUOTED_INCLUDE_IN_FRAMEWORK_HEADER = YES;
				CLANG_WARN_RANGE_LOOP_ANALYSIS = YES;
				CLANG_WARN_STRICT_PROTOTYPES = YES;
				CLANG_WARN_SUSPICIOUS_MOVE = YES;
				CLANG_WARN_UNGUARDED_AVAILABILITY = YES_AGGRESSIVE;
				CLANG_WARN_UNREACHABLE_CODE = YES;
				CLANG_WARN__DUPLICATE_METHOD_MATCH = YES;
				COPY_PHASE_STRIP = NO;
				DEBUG_INFORMATION_FORMAT = dwarf;
				ENABLE_STRICT_OBJC_MSGSEND = YES;
				ENABLE_TESTABILITY = YES;
				ENABLE_USER_SCRIPT_SANDBOXING = YES;
				GCC_C_LANGUAGE_STANDARD = gnu17;
				GCC_DYNAMIC_NO_PIC = NO;
				GCC_NO_COMMON_BLOCKS = YES;
				GCC_OPTIMIZATION_LEVEL = 0;
				GCC_PREPROCESSOR_DEFINITIONS = (
					"DEBUG=1",
					"$(inherited)",
				);
				GCC_WARN_64_TO_32_BIT_CONVERSION = YES;
				GCC_WARN_ABOUT_RETURN_TYPE = YES_ERROR;
				GCC_WARN_UNDECLARED_SELECTOR = YES;
				GCC_WARN_UNINITIALIZED_AUTOS = YES_AGGRESSIVE;
				GCC_WARN_UNUSED_FUNCTION = YES;
				GCC_WARN_UNUSED_VARIABLE = YES;
				IPHONEOS_DEPLOYMENT_TARGET = 17.0;
				LOCALIZATION_PREFERS_STRING_CATALOGS = YES;
				MTL_ENABLE_DEBUG_INFO = INCLUDE_SOURCE;
				MTL_FAST_MATH = YES;
				ONLY_ACTIVE_ARCH = YES;
				SDKROOT = iphoneos;
				SWIFT_ACTIVE_COMPILATION_CONDITIONS = "DEBUG $(inherited)";
				SWIFT_OPTIMIZATION_LEVEL = "-Onone";
			};
			name = Debug;
		};
		C69708592AEDE5CF0089012A /* Release */ = {
			isa = XCBuildConfiguration;
			buildSettings = {
				ALWAYS_SEARCH_USER_PATHS = NO;
				ASSETCATALOG_COMPILER_GENERATE_SWIFT_ASSET_SYMBOL_EXTENSIONS = YES;
				CLANG_ANALYZER_NONNULL = YES;
				CLANG_ANALYZER_NUMBER_OBJECT_CONVERSION = YES_AGGRESSIVE;
				CLANG_CXX_LANGUAGE_STANDARD = "gnu++20";
				CLANG_ENABLE_MODULES = YES;
				CLANG_ENABLE_OBJC_ARC = YES;
				CLANG_ENABLE_OBJC_WEAK = YES;
				CLANG_WARN_BLOCK_CAPTURE_AUTORELEASING = YES;
				CLANG_WARN_BOOL_CONVERSION = YES;
				CLANG_WARN_COMMA = YES;
				CLANG_WARN_CONSTANT_CONVERSION = YES;
				CLANG_WARN_DEPRECATED_OBJC_IMPLEMENTATIONS = YES;
				CLANG_WARN_DIRECT_OBJC_ISA_USAGE = YES_ERROR;
				CLANG_WARN_DOCUMENTATION_COMMENTS = YES;
				CLANG_WARN_EMPTY_BODY = YES;
				CLANG_WARN_ENUM_CONVERSION = YES;
				CLANG_WARN_INFINITE_RECURSION = YES;
				CLANG_WARN_INT_CONVERSION = YES;
				CLANG_WARN_NON_LITERAL_NULL_CONVERSION = YES;
				CLANG_WARN_OBJC_IMPLICIT_RETAIN_SELF = YES;
				CLANG_WARN_OBJC_LITERAL_CONVERSION = YES;
				CLANG_WARN_OBJC_ROOT_CLASS = YES_ERROR;
				CLANG_WARN_QUOTED_INCLUDE_IN_FRAMEWORK_HEADER = YES;
				CLANG_WARN_RANGE_LOOP_ANALYSIS = YES;
				CLANG_WARN_STRICT_PROTOTYPES = YES;
				CLANG_WARN_SUSPICIOUS_MOVE = YES;
				CLANG_WARN_UNGUARDED_AVAILABILITY = YES_AGGRESSIVE;
				CLANG_WARN_UNREACHABLE_CODE = YES;
				CLANG_WARN__DUPLICATE_METHOD_MATCH = YES;
				COPY_PHASE_STRIP = NO;
				DEBUG_INFORMATION_FORMAT = "dwarf-with-dsym";
				ENABLE_NS_ASSERTIONS = NO;
				ENABLE_STRICT_OBJC_MSGSEND = YES;
				ENABLE_USER_SCRIPT_SANDBOXING = YES;
				GCC_C_LANGUAGE_STANDARD = gnu17;
				GCC_NO_COMMON_BLOCKS = YES;
				GCC_WARN_64_TO_32_BIT_CONVERSION = YES;
				GCC_WARN_ABOUT_RETURN_TYPE = YES_ERROR;
				GCC_WARN_UNDECLARED_SELECTOR = YES;
				GCC_WARN_UNINITIALIZED_AUTOS = YES_AGGRESSIVE;
				GCC_WARN_UNUSED_FUNCTION = YES;
				GCC_WARN_UNUSED_VARIABLE = YES;
				IPHONEOS_DEPLOYMENT_TARGET = 17.0;
				LOCALIZATION_PREFERS_STRING_CATALOGS = YES;
				MTL_ENABLE_DEBUG_INFO = NO;
				MTL_FAST_MATH = YES;
				SDKROOT = iphoneos;
				SWIFT_COMPILATION_MODE = wholemodule;
				VALIDATE_PRODUCT = YES;
			};
			name = Release;
		};
		C697085B2AEDE5CF0089012A /* Debug */ = {
			isa = XCBuildConfiguration;
			buildSettings = {
				ASSETCATALOG_COMPILER_APPICON_NAME = AppIcon;
				ASSETCATALOG_COMPILER_GLOBAL_ACCENT_COLOR_NAME = AccentColor;
				CODE_SIGN_STYLE = Automatic;
				CURRENT_PROJECT_VERSION = 1;
				DEVELOPMENT_ASSET_PATHS = "\"ThreadsTutorials/Preview Content\"";
				DEVELOPMENT_TEAM = 798P9667XG;
				ENABLE_PREVIEWS = YES;
				GENERATE_INFOPLIST_FILE = YES;
				INFOPLIST_KEY_UIApplicationSceneManifest_Generation = YES;
				INFOPLIST_KEY_UIApplicationSupportsIndirectInputEvents = YES;
				INFOPLIST_KEY_UILaunchScreen_Generation = YES;
				INFOPLIST_KEY_UISupportedInterfaceOrientations_iPad = "UIInterfaceOrientationPortrait UIInterfaceOrientationPortraitUpsideDown UIInterfaceOrientationLandscapeLeft UIInterfaceOrientationLandscapeRight";
				INFOPLIST_KEY_UISupportedInterfaceOrientations_iPhone = "UIInterfaceOrientationPortrait UIInterfaceOrientationLandscapeLeft UIInterfaceOrientationLandscapeRight";
				LD_RUNPATH_SEARCH_PATHS = (
					"$(inherited)",
					"@executable_path/Frameworks",
				);
				MARKETING_VERSION = 1.0;
				PRODUCT_BUNDLE_IDENTIFIER = com.example.ThreadsTutorials;
				PRODUCT_NAME = "$(TARGET_NAME)";
				SWIFT_EMIT_LOC_STRINGS = YES;
				SWIFT_VERSION = 5.0;
				TARGETED_DEVICE_FAMILY = "1,2";
			};
			name = Debug;
		};
		C697085C2AEDE5CF0089012A /* Release */ = {
			isa = XCBuildConfiguration;
			buildSettings = {
				ASSETCATALOG_COMPILER_APPICON_NAME = AppIcon;
				ASSETCATALOG_COMPILER_GLOBAL_ACCENT_COLOR_NAME = AccentColor;
				CODE_SIGN_STYLE = Automatic;
				CURRENT_PROJECT_VERSION = 1;
				DEVELOPMENT_ASSET_PATHS = "\"ThreadsTutorials/Preview Content\"";
				DEVELOPMENT_TEAM = 798P9667XG;
				ENABLE_PREVIEWS = YES;
				GENERATE_INFOPLIST_FILE = YES;
				INFOPLIST_KEY_UIApplicationSceneManifest_Generation = YES;
				INFOPLIST_KEY_UIApplicationSupportsIndirectInputEvents = YES;
				INFOPLIST_KEY_UILaunchScreen_Generation = YES;
				INFOPLIST_KEY_UISupportedInterfaceOrientations_iPad = "UIInterfaceOrientationPortrait UIInterfaceOrientationPortraitUpsideDown UIInterfaceOrientationLandscapeLeft UIInterfaceOrientationLandscapeRight";
				INFOPLIST_KEY_UISupportedInterfaceOrientations_iPhone = "UIInterfaceOrientationPortrait UIInterfaceOrientationLandscapeLeft UIInterfaceOrientationLandscapeRight";
				LD_RUNPATH_SEARCH_PATHS = (
					"$(inherited)",
					"@executable_path/Frameworks",
				);
				MARKETING_VERSION = 1.0;
				PRODUCT_BUNDLE_IDENTIFIER = com.example.ThreadsTutorials;
				PRODUCT_NAME = "$(TARGET_NAME)";
				SWIFT_EMIT_LOC_STRINGS = YES;
				SWIFT_VERSION = 5.0;
				TARGETED_DEVICE_FAMILY = "1,2";
			};
			name = Release;
		};
		C697085E2AEDE5CF0089012A /* Debug */ = {
			isa = XCBuildConfiguration;
			buildSettings = {
				ALWAYS_EMBED_SWIFT_STANDARD_LIBRARIES = YES;
				BUNDLE_LOADER = "$(TEST_HOST)";
				CODE_SIGN_STYLE = Automatic;
				CURRENT_PROJECT_VERSION = 1;
				DEVELOPMENT_TEAM = 798P9667XG;
				GENERATE_INFOPLIST_FILE = YES;
				IPHONEOS_DEPLOYMENT_TARGET = 17.0;
				MARKETING_VERSION = 1.0;
				PRODUCT_BUNDLE_IDENTIFIER = com.example.ThreadsTutorialsTests;
				PRODUCT_NAME = "$(TARGET_NAME)";
				SWIFT_EMIT_LOC_STRINGS = NO;
				SWIFT_VERSION = 5.0;
				TARGETED_DEVICE_FAMILY = "1,2";
				TEST_HOST = "$(BUILT_PRODUCTS_DIR)/ThreadsTutorials.app/$(BUNDLE_EXECUTABLE_FOLDER_PATH)/ThreadsTutorials";
			};
			name = Debug;
		};
		C697085F2AEDE5CF0089012A /* Release */ = {
			isa = XCBuildConfiguration;
			buildSettings = {
				ALWAYS_EMBED_SWIFT_STANDARD_LIBRARIES = YES;
				BUNDLE_LOADER = "$(TEST_HOST)";
				CODE_SIGN_STYLE = Automatic;
				CURRENT_PROJECT_VERSION = 1;
				DEVELOPMENT_TEAM = 798P9667XG;
				GENERATE_INFOPLIST_FILE = YES;
				IPHONEOS_DEPLOYMENT_TARGET = 17.0;
				MARKETING_VERSION = 1.0;
				PRODUCT_BUNDLE_IDENTIFIER = com.example.ThreadsTutorialsTests;
				PRODUCT_NAME = "$(TARGET_NAME)";
				SWIFT_EMIT_LOC_STRINGS = NO;
				SWIFT_VERSION = 5.0;
				TARGETED_DEVICE_FAMILY = "1,2";
				TEST_HOST = "$(BUILT_PRODUCTS_DIR)/ThreadsTutorials.app/$(BUNDLE_EXECUTABLE_FOLDER_PATH)/ThreadsTutorials";
			};
			name = Release;
		};
		C69708612AEDE5CF0089012A /* Debug */ = {
			isa = XCBuildConfiguration;
			buildSettings = {
				ALWAYS_EMBED_SWIFT_STANDARD_LIBRARIES = YES;
				CODE_SIGN_STYLE = Automatic;
				CURRENT_PROJECT_VERSION = 1;
				DEVELOPMENT_TEAM = 798P9667XG;
				GENERATE_INFOPLIST_FILE = YES;
				MARKETING_VERSION = 1.0;
				PRODUCT_BUNDLE_IDENTIFIER = com.example.ThreadsTutorialsUITests;
				PRODUCT_NAME = "$(TARGET_NAME)";
				SWIFT_EMIT_LOC_STRINGS = NO;
				SWIFT_VERSION = 5.0;
				TARGETED_DEVICE_FAMILY = "1,2";
				TEST_TARGET_NAME = ThreadsTutorials;
			};
			name = Debug;
		};
		C69708622AEDE5CF0089012A /* Release */ = {
			isa = XCBuildConfiguration;
			buildSettings = {
				ALWAYS_EMBED_SWIFT_STANDARD_LIBRARIES = YES;
				CODE_SIGN_STYLE = Automatic;
				CURRENT_PROJECT_VERSION = 1;
				DEVELOPMENT_TEAM = 798P9667XG;
				GENERATE_INFOPLIST_FILE = YES;
				MARKETING_VERSION = 1.0;
				PRODUCT_BUNDLE_IDENTIFIER = com.example.ThreadsTutorialsUITests;
				PRODUCT_NAME = "$(TARGET_NAME)";
				SWIFT_EMIT_LOC_STRINGS = NO;
				SWIFT_VERSION = 5.0;
				TARGETED_DEVICE_FAMILY = "1,2";
				TEST_TARGET_NAME = ThreadsTutorials;
			};
			name = Release;
		};
/* End XCBuildConfiguration section */

/* Begin XCConfigurationList section */
		C69708312AEDE5CE0089012A /* Build configuration list for PBXProject "ThreadsTutorials" */ = {
			isa = XCConfigurationList;
			buildConfigurations = (
				C69708582AEDE5CF0089012A /* Debug */,
				C69708592AEDE5CF0089012A /* Release */,
			);
			defaultConfigurationIsVisible = 0;
			defaultConfigurationName = Release;
		};
		C697085A2AEDE5CF0089012A /* Build configuration list for PBXNativeTarget "ThreadsTutorials" */ = {
			isa = XCConfigurationList;
			buildConfigurations = (
				C697085B2AEDE5CF0089012A /* Debug */,
				C697085C2AEDE5CF0089012A /* Release */,
			);
			defaultConfigurationIsVisible = 0;
			defaultConfigurationName = Release;
		};
		C697085D2AEDE5CF0089012A /* Build configuration list for PBXNativeTarget "ThreadsTutorialsTests" */ = {
			isa = XCConfigurationList;
			buildConfigurations = (
				C697085E2AEDE5CF0089012A /* Debug */,
				C697085F2AEDE5CF0089012A /* Release */,
			);
			defaultConfigurationIsVisible = 0;
			defaultConfigurationName = Release;
		};
		C69708602AEDE5CF0089012A /* Build configuration list for PBXNativeTarget "ThreadsTutorialsUITests" */ = {
			isa = XCConfigurationList;
			buildConfigurations = (
				C69708612AEDE5CF0089012A /* Debug */,
				C69708622AEDE5CF0089012A /* Release */,
			);
			defaultConfigurationIsVisible = 0;
			defaultConfigurationName = Release;
		};
/* End XCConfigurationList section */
	};
	rootObject = C697082E2AEDE5CE0089012A /* Project object */;
}
